
Microsoft Visual Studio Solution File, Format Version 10.00
# Visual Studio 2008
Project("{FAE04EC0-301F-11D3-BF4B-00C04F79EFBC}") = "twisted-sharp", "twisted-sharp\twisted-sharp.csproj", "{655A119B-68D6-454B-A632-4685B036799E}"
EndProject
Global
	GlobalSection(SolutionConfigurationPlatforms) = preSolution
		Debug|Any CPU = Debug|Any CPU
		Release|Any CPU = Release|Any CPU
	EndGlobalSection
	GlobalSection(ProjectConfigurationPlatforms) = postSolution
		{655A119B-68D6-454B-A632-4685B036799E}.Debug|Any CPU.ActiveCfg = Debug|x86
		{655A119B-68D6-454B-A632-4685B036799E}.Debug|Any CPU.Build.0 = Debug|x86
		{655A119B-68D6-454B-A632-4685B036799E}.Release|Any CPU.ActiveCfg = Debug|x86
		{655A119B-68D6-454B-A632-4685B036799E}.Release|Any CPU.Build.0 = Debug|x86
	EndGlobalSection
	GlobalSection(MonoDevelopProperties) = preSolution
		StartupItem = twisted-sharp\twisted-sharp.csproj
	EndGlobalSection
EndGlobal
